
Microsoft Visual Studio Solution File, Format Version 12.00
# Visual Studio Version 16
VisualStudioVersion = 16.0.28922.388
MinimumVisualStudioVersion = 10.0.40219.1
Project("{FAE04EC0-301F-11D3-BF4B-00C04F79EFBC}") = "Reply And Keep Attachments", "Reply And Keep Attachments\Reply And Keep Attachments.csproj", "{7C815CEA-4F3A-4AAA-9964-E10EEA44FC0E}"
EndProject
Global
	GlobalSection(SolutionConfigurationPlatforms) = preSolution
		Debug|Any CPU = Debug|Any CPU
		Release|Any CPU = Release|Any CPU
	EndGlobalSection
	GlobalSection(ProjectConfigurationPlatforms) = postSolution
		{7C815CEA-4F3A-4AAA-9964-E10EEA44FC0E}.Debug|Any CPU.ActiveCfg = Debug|Any CPU
		{7C815CEA-4F3A-4AAA-9964-E10EEA44FC0E}.Debug|Any CPU.Build.0 = Debug|Any CPU
		{7C815CEA-4F3A-4AAA-9964-E10EEA44FC0E}.Release|Any CPU.ActiveCfg = Release|Any CPU
		{7C815CEA-4F3A-4AAA-9964-E10EEA44FC0E}.Release|Any CPU.Build.0 = Release|Any CPU
	EndGlobalSection
	GlobalSection(SolutionProperties) = preSolution
		HideSolutionNode = FALSE
	EndGlobalSection
	GlobalSection(ExtensibilityGlobals) = postSolution
		SolutionGuid = {B0282A78-F183-4541-B4FA-0565661B6E5C}
	EndGlobalSection
EndGlobal
